
Microsoft Visual Studio Solution File, Format Version 12.00
# Visual Studio Version 16
VisualStudioVersion = 16.0.30907.101
MinimumVisualStudioVersion = 10.0.40219.1
Project("{FAE04EC0-301F-11D3-BF4B-00C04F79EFBC}") = "Library_CursVar_HZ", "Library_CursVar_HZ.csproj", "{6810E1AC-4010-4F73-8462-2B460B644EA8}"
EndProject
Global
	GlobalSection(SolutionConfigurationPlatforms) = preSolution
		Debug|Any CPU = Debug|Any CPU
		Release|Any CPU = Release|Any CPU
	EndGlobalSection
	GlobalSection(ProjectConfigurationPlatforms) = postSolution
		{6810E1AC-4010-4F73-8462-2B460B644EA8}.Debug|Any CPU.ActiveCfg = Debug|Any CPU
		{6810E1AC-4010-4F73-8462-2B460B644EA8}.Debug|Any CPU.Build.0 = Debug|Any CPU
		{6810E1AC-4010-4F73-8462-2B460B644EA8}.Release|Any CPU.ActiveCfg = Release|Any CPU
		{6810E1AC-4010-4F73-8462-2B460B644EA8}.Release|Any CPU.Build.0 = Release|Any CPU
	EndGlobalSection
	GlobalSection(SolutionProperties) = preSolution
		HideSolutionNode = FALSE
	EndGlobalSection
	GlobalSection(ExtensibilityGlobals) = postSolution
		SolutionGuid = {7D3FFDCA-8A65-40C2-851C-0E5C8EA70FC4}
	EndGlobalSection
EndGlobal
